// !$*UTF8*$!
{
	archiveVersion = 1;
	classes = {
	};
	objectVersion = 50;
	objects = {

/* Begin PBXBuildFile section */
		95D19B19252D57E500CBCDDE /* AppDelegate.swift in Sources */ = {isa = PBXBuildFile; fileRef = 95D19B18252D57E500CBCDDE /* AppDelegate.swift */; };
		95D19B1B252D57E500CBCDDE /* SceneDelegate.swift in Sources */ = {isa = PBXBuildFile; fileRef = 95D19B1A252D57E500CBCDDE /* SceneDelegate.swift */; };
		95D19B20252D57E500CBCDDE /* Main.storyboard in Resources */ = {isa = PBXBuildFile; fileRef = 95D19B1E252D57E500CBCDDE /* Main.storyboard */; };
		95D19B22252D57E800CBCDDE /* Assets.xcassets in Resources */ = {isa = PBXBuildFile; fileRef = 95D19B21252D57E800CBCDDE /* Assets.xcassets */; };
		95D19B25252D57E800CBCDDE /* LaunchScreen.storyboard in Resources */ = {isa = PBXBuildFile; fileRef = 95D19B23252D57E800CBCDDE /* LaunchScreen.storyboard */; };
		95D19B2F252D6D1C00CBCDDE /* MainViewController.swift in Sources */ = {isa = PBXBuildFile; fileRef = 95D19B2E252D6D1C00CBCDDE /* MainViewController.swift */; };
/* End PBXBuildFile section */

/* Begin PBXFileReference section */
		95D19B15252D57E500CBCDDE /* PerformTracker.app */ = {isa = PBXFileReference; explicitFileType = wrapper.application; includeInIndex = 0; path = PerformTracker.app; sourceTree = BUILT_PRODUCTS_DIR; };
		95D19B18252D57E500CBCDDE /* AppDelegate.swift */ = {isa = PBXFileReference; lastKnownFileType = sourcecode.swift; path = AppDelegate.swift; sourceTree = "<group>"; };
		95D19B1A252D57E500CBCDDE /* SceneDelegate.swift */ = {isa = PBXFileReference; lastKnownFileType = sourcecode.swift; path = SceneDelegate.swift; sourceTree = "<group>"; };
		95D19B1F252D57E500CBCDDE /* Base */ = {isa = PBXFileReference; lastKnownFileType = file.storyboard; name = Base; path = Base.lproj/Main.storyboard; sourceTree = "<group>"; };
		95D19B21252D57E800CBCDDE /* Assets.xcassets */ = {isa = PBXFileReference; lastKnownFileType = folder.assetcatalog; path = Assets.xcassets; sourceTree = "<group>"; };
		95D19B24252D57E800CBCDDE /* Base */ = {isa = PBXFileReference; lastKnownFileType = file.storyboard; name = Base; path = Base.lproj/LaunchScreen.storyboard; sourceTree = "<group>"; };
		95D19B26252D57E800CBCDDE /* Info.plist */ = {isa = PBXFileReference; lastKnownFileType = text.plist.xml; path = Info.plist; sourceTree = "<group>"; };
		95D19B2E252D6D1C00CBCDDE /* MainViewController.swift */ = {isa = PBXFileReference; lastKnownFileType = sourcecode.swift; path = MainViewController.swift; sourceTree = "<group>"; };
/* End PBXFileReference section */

/* Begin PBXFrameworksBuildPhase section */
		95D19B12252D57E500CBCDDE /* Frameworks */ = {
			isa = PBXFrameworksBuildPhase;
			buildActionMask = 2147483647;
			files = (
			);
			runOnlyForDeploymentPostprocessing = 0;
		};
/* End PBXFrameworksBuildPhase section */

/* Begin PBXGroup section */
		95D19B0C252D57E500CBCDDE = {
			isa = PBXGroup;
			children = (
				95D19B17252D57E500CBCDDE /* PerformTracker */,
				95D19B16252D57E500CBCDDE /* Products */,
			);
			sourceTree = "<group>";
		};
		95D19B16252D57E500CBCDDE /* Products */ = {
			isa = PBXGroup;
			children = (
				95D19B15252D57E500CBCDDE /* PerformTracker.app */,
			);
			name = Products;
			sourceTree = "<group>";
		};
		95D19B17252D57E500CBCDDE /* PerformTracker */ = {
			isa = PBXGroup;
			children = (
				95D19B18252D57E500CBCDDE /* AppDelegate.swift */,
				95D19B1A252D57E500CBCDDE /* SceneDelegate.swift */,
				95D19B1E252D57E500CBCDDE /* Main.storyboard */,
				95D19B2E252D6D1C00CBCDDE /* MainViewController.swift */,
				95D19B21252D57E800CBCDDE /* Assets.xcassets */,
				95D19B23252D57E800CBCDDE /* LaunchScreen.storyboard */,
				95D19B26252D57E800CBCDDE /* Info.plist */,
			);
			path = PerformTracker;
			sourceTree = "<group>";
		};
/* End PBXGroup section */

/* Begin PBXNativeTarget section */
		95D19B14252D57E500CBCDDE /* PerformTracker */ = {
			isa = PBXNativeTarget;
			buildConfigurationList = 95D19B29252D57E800CBCDDE /* Build configuration list for PBXNativeTarget "PerformTracker" */;
			buildPhases = (
				95D19B11252D57E500CBCDDE /* Sources */,
				95D19B12252D57E500CBCDDE /* Frameworks */,
				95D19B13252D57E500CBCDDE /* Resources */,
			);
			buildRules = (
			);
			dependencies = (
			);
			name = PerformTracker;
			productName = PerformTracker;
			productReference = 95D19B15252D57E500CBCDDE /* PerformTracker.app */;
			productType = "com.apple.product-type.application";
		};
/* End PBXNativeTarget section */

/* Begin PBXProject section */
		95D19B0D252D57E500CBCDDE /* Project object */ = {
			isa = PBXProject;
			attributes = {
				LastSwiftUpdateCheck = 1130;
				LastUpgradeCheck = 1130;
				ORGANIZATIONNAME = "Nihal Erdal";
				TargetAttributes = {
					95D19B14252D57E500CBCDDE = {
						CreatedOnToolsVersion = 11.3;
					};
				};
			};
			buildConfigurationList = 95D19B10252D57E500CBCDDE /* Build configuration list for PBXProject "PerformTracker" */;
			compatibilityVersion = "Xcode 9.3";
			developmentRegion = en;
			hasScannedForEncodings = 0;
			knownRegions = (
				en,
				Base,
			);
			mainGroup = 95D19B0C252D57E500CBCDDE;
			productRefGroup = 95D19B16252D57E500CBCDDE /* Products */;
			projectDirPath = "";
			projectRoot = "";
			targets = (
				95D19B14252D57E500CBCDDE /* PerformTracker */,
			);
		};
/* End PBXProject section */

/* Begin PBXResourcesBuildPhase section */
		95D19B13252D57E500CBCDDE /* Resources */ = {
			isa = PBXResourcesBuildPhase;
			buildActionMask = 2147483647;
			files = (
				95D19B25252D57E800CBCDDE /* LaunchScreen.storyboard in Resources */,
				95D19B22252D57E800CBCDDE /* Assets.xcassets in Resources */,
				95D19B20252D57E500CBCDDE /* Main.storyboard in Resources */,
			);
			runOnlyForDeploymentPostprocessing = 0;
		};
/* End PBXResourcesBuildPhase section */

/* Begin PBXSourcesBuildPhase section */
		95D19B11252D57E500CBCDDE /* Sources */ = {
			isa = PBXSourcesBuildPhase;
			buildActionMask = 2147483647;
			files = (
				95D19B19252D57E500CBCDDE /* AppDelegate.swift in Sources */,
				95D19B1B252D57E500CBCDDE /* SceneDelegate.swift in Sources */,
				95D19B2F252D6D1C00CBCDDE /* MainViewController.swift in Sources */,
			);
			runOnlyForDeploymentPostprocessing = 0;
		};
/* End PBXSourcesBuildPhase section */

/* Begin PBXVariantGroup section */
		95D19B1E252D57E500CBCDDE /* Main.storyboard */ = {
			isa = PBXVariantGroup;
			children = (
				95D19B1F252D57E500CBCDDE /* Base */,
			);
			name = Main.storyboard;
			sourceTree = "<group>";
		};
		95D19B23252D57E800CBCDDE /* LaunchScreen.storyboard */ = {
			isa = PBXVariantGroup;
			children = (
				95D19B24252D57E800CBCDDE /* Base */,
			);
			name = LaunchScreen.storyboard;
			sourceTree = "<group>";
		};
/* End PBXVariantGroup section */

/* Begin XCBuildConfiguration section */
		95D19B27252D57E800CBCDDE /* Debug */ = {
			isa = XCBuildConfiguration;
			buildSettings = {
				ALWAYS_SEARCH_USER_PATHS = NO;
				CLANG_ANALYZER_NONNULL = YES;
				CLANG_ANALYZER_NUMBER_OBJECT_CONVERSION = YES_AGGRESSIVE;
				CLANG_CXX_LANGUAGE_STANDARD = "gnu++14";
				CLANG_CXX_LIBRARY = "libc++";
				CLANG_ENABLE_MODULES = YES;
				CLANG_ENABLE_OBJC_ARC = YES;
				CLANG_ENABLE_OBJC_WEAK = YES;
				CLANG_WARN_BLOCK_CAPTURE_AUTORELEASING = YES;
				CLANG_WARN_BOOL_CONVERSION = YES;
				CLANG_WARN_COMMA = YES;
				CLANG_WARN_CONSTANT_CONVERSION = YES;
				CLANG_WARN_DEPRECATED_OBJC_IMPLEMENTATIONS = YES;
				CLANG_WARN_DIRECT_OBJC_ISA_USAGE = YES_ERROR;
				CLANG_WARN_DOCUMENTATION_COMMENTS = YES;
				CLANG_WARN_EMPTY_BODY = YES;
				CLANG_WARN_ENUM_CONVERSION = YES;
				CLANG_WARN_INFINITE_RECURSION = YES;
				CLANG_WARN_INT_CONVERSION = YES;
				CLANG_WARN_NON_LITERAL_NULL_CONVERSION = YES;
				CLANG_WARN_OBJC_IMPLICIT_RETAIN_SELF = YES;
				CLANG_WARN_OBJC_LITERAL_CONVERSION = YES;
				CLANG_WARN_OBJC_ROOT_CLASS = YES_ERROR;
				CLANG_WARN_RANGE_LOOP_ANALYSIS = YES;
				CLANG_WARN_STRICT_PROTOTYPES = YES;
				CLANG_WARN_SUSPICIOUS_MOVE = YES;
				CLANG_WARN_UNGUARDED_AVAILABILITY = YES_AGGRESSIVE;
				CLANG_WARN_UNREACHABLE_CODE = YES;
				CLANG_WARN__DUPLICATE_METHOD_MATCH = YES;
				COPY_PHASE_STRIP = NO;
				DEBUG_INFORMATION_FORMAT = dwarf;
				ENABLE_STRICT_OBJC_MSGSEND = YES;
				ENABLE_TESTABILITY = YES;
				GCC_C_LANGUAGE_STANDARD = gnu11;
				GCC_DYNAMIC_NO_PIC = NO;
				GCC_NO_COMMON_BLOCKS = YES;
				GCC_OPTIMIZATION_LEVEL = 0;
				GCC_PREPROCESSOR_DEFINITIONS = (
					"DEBUG=1",
					"$(inherited)",
				);
				GCC_WARN_64_TO_32_BIT_CONVERSION = YES;
				GCC_WARN_ABOUT_RETURN_TYPE = YES_ERROR;
				GCC_WARN_UNDECLARED_SELECTOR = YES;
				GCC_WARN_UNINITIALIZED_AUTOS = YES_AGGRESSIVE;
				GCC_WARN_UNUSED_FUNCTION = YES;
				GCC_WARN_UNUSED_VARIABLE = YES;
				IPHONEOS_DEPLOYMENT_TARGET = 13.2;
				MTL_ENABLE_DEBUG_INFO = INCLUDE_SOURCE;
				MTL_FAST_MATH = YES;
				ONLY_ACTIVE_ARCH = YES;
				SDKROOT = iphoneos;
				SWIFT_ACTIVE_COMPILATION_CONDITIONS = DEBUG;
				SWIFT_OPTIMIZATION_LEVEL = "-Onone";
			};
			name = Debug;
		};
		95D19B28252D57E800CBCDDE /* Release */ = {
			isa = XCBuildConfiguration;
			buildSettings = {
				ALWAYS_SEARCH_USER_PATHS = NO;
				CLANG_ANALYZER_NONNULL = YES;
				CLANG_ANALYZER_NUMBER_OBJECT_CONVERSION = YES_AGGRESSIVE;
				CLANG_CXX_LANGUAGE_STANDARD = "gnu++14";
				CLANG_CXX_LIBRARY = "libc++";
				CLANG_ENABLE_MODULES = YES;
				CLANG_ENABLE_OBJC_ARC = YES;
				CLANG_ENABLE_OBJC_WEAK = YES;
				CLANG_WARN_BLOCK_CAPTURE_AUTORELEASING = YES;
				CLANG_WARN_BOOL_CONVERSION = YES;
				CLANG_WARN_COMMA = YES;
				CLANG_WARN_CONSTANT_CONVERSION = YES;
				CLANG_WARN_DEPRECATED_OBJC_IMPLEMENTATIONS = YES;
				CLANG_WARN_DIRECT_OBJC_ISA_USAGE = YES_ERROR;
				CLANG_WARN_DOCUMENTATION_COMMENTS = YES;
				CLANG_WARN_EMPTY_BODY = YES;
				CLANG_WARN_ENUM_CONVERSION = YES;
				CLANG_WARN_INFINITE_RECURSION = YES;
				CLANG_WARN_INT_CONVERSION = YES;
				CLANG_WARN_NON_LITERAL_NULL_CONVERSION = YES;
				CLANG_WARN_OBJC_IMPLICIT_RETAIN_SELF = YES;
				CLANG_WARN_OBJC_LITERAL_CONVERSION = YES;
				CLANG_WARN_OBJC_ROOT_CLASS = YES_ERROR;
				CLANG_WARN_RANGE_LOOP_ANALYSIS = YES;
				CLANG_WARN_STRICT_PROTOTYPES = YES;
				CLANG_WARN_SUSPICIOUS_MOVE = YES;
				CLANG_WARN_UNGUARDED_AVAILABILITY = YES_AGGRESSIVE;
				CLANG_WARN_UNREACHABLE_CODE = YES;
				CLANG_WARN__DUPLICATE_METHOD_MATCH = YES;
				COPY_PHASE_STRIP = NO;
				DEBUG_INFORMATION_FORMAT = "dwarf-with-dsym";
				ENABLE_NS_ASSERTIONS = NO;
				ENABLE_STRICT_OBJC_MSGSEND = YES;
				GCC_C_LANGUAGE_STANDARD = gnu11;
				GCC_NO_COMMON_BLOCKS = YES;
				GCC_WARN_64_TO_32_BIT_CONVERSION = YES;
				GCC_WARN_ABOUT_RETURN_TYPE = YES_ERROR;
				GCC_WARN_UNDECLARED_SELECTOR = YES;
				GCC_WARN_UNINITIALIZED_AUTOS = YES_AGGRESSIVE;
				GCC_WARN_UNUSED_FUNCTION = YES;
				GCC_WARN_UNUSED_VARIABLE = YES;
				IPHONEOS_DEPLOYMENT_TARGET = 13.2;
				MTL_ENABLE_DEBUG_INFO = NO;
				MTL_FAST_MATH = YES;
				SDKROOT = iphoneos;
				SWIFT_COMPILATION_MODE = wholemodule;
				SWIFT_OPTIMIZATION_LEVEL = "-O";
				VALIDATE_PRODUCT = YES;
			};
			name = Release;
		};
		95D19B2A252D57E800CBCDDE /* Debug */ = {
			isa = XCBuildConfiguration;
			buildSettings = {
				ASSETCATALOG_COMPILER_APPICON_NAME = AppIcon;
				CODE_SIGN_STYLE = Automatic;
				INFOPLIST_FILE = PerformTracker/Info.plist;
				LD_RUNPATH_SEARCH_PATHS = (
					"$(inherited)",
					"@executable_path/Frameworks",
				);
				PRODUCT_BUNDLE_IDENTIFIER = com.nihalerdal.PerformTracker;
				PRODUCT_NAME = "$(TARGET_NAME)";
				SWIFT_VERSION = 5.0;
				TARGETED_DEVICE_FAMILY = "1,2";
			};
			name = Debug;
		};
		95D19B2B252D57E800CBCDDE /* Release */ = {
			isa = XCBuildConfiguration;
			buildSettings = {
				ASSETCATALOG_COMPILER_APPICON_NAME = AppIcon;
				CODE_SIGN_STYLE = Automatic;
				INFOPLIST_FILE = PerformTracker/Info.plist;
				LD_RUNPATH_SEARCH_PATHS = (
					"$(inherited)",
					"@executable_path/Frameworks",
				);
				PRODUCT_BUNDLE_IDENTIFIER = com.nihalerdal.PerformTracker;
				PRODUCT_NAME = "$(TARGET_NAME)";
				SWIFT_VERSION = 5.0;
				TARGETED_DEVICE_FAMILY = "1,2";
			};
			name = Release;
		};
/* End XCBuildConfiguration section */

/* Begin XCConfigurationList section */
		95D19B10252D57E500CBCDDE /* Build configuration list for PBXProject "PerformTracker" */ = {
			isa = XCConfigurationList;
			buildConfigurations = (
				95D19B27252D57E800CBCDDE /* Debug */,
				95D19B28252D57E800CBCDDE /* Release */,
			);
			defaultConfigurationIsVisible = 0;
			defaultConfigurationName = Release;
		};
		95D19B29252D57E800CBCDDE /* Build configuration list for PBXNativeTarget "PerformTracker" */ = {
			isa = XCConfigurationList;
			buildConfigurations = (
				95D19B2A252D57E800CBCDDE /* Debug */,
				95D19B2B252D57E800CBCDDE /* Release */,
			);
			defaultConfigurationIsVisible = 0;
			defaultConfigurationName = Release;
		};
/* End XCConfigurationList section */
	};
	rootObject = 95D19B0D252D57E500CBCDDE /* Project object */;
}
